
Microsoft Visual Studio Solution File, Format Version 12.00
# Visual Studio Version 17
VisualStudioVersion = 17.5.33424.131
MinimumVisualStudioVersion = 10.0.40219.1
Project("{9A19103F-16F7-4668-BE54-9A1E7A4F7556}") = "Acme.Biz", "Acme.Biz\Acme.Biz.csproj", "{A833967A-C6C4-4B3D-AC56-58E38896E908}"
EndProject
Project("{9A19103F-16F7-4668-BE54-9A1E7A4F7556}") = "Acme.Common", "Acme.Common\Acme.Common.csproj", "{EEFD740D-6B73-4EC5-82DB-1FCB6FD0747F}"
EndProject
Project("{9A19103F-16F7-4668-BE54-9A1E7A4F7556}") = "Acme.BizTests", "tests\Acme.BizTests\Acme.BizTests.csproj", "{D87F1B23-3B9B-467F-B828-7FE8F12DB15B}"
EndProject
Project("{2150E333-8FDC-42A3-9474-1A3956D46DE8}") = "tests", "tests", "{C632A4F7-58A9-4FD4-9BEC-8E8611FB9817}"
EndProject
Project("{9A19103F-16F7-4668-BE54-9A1E7A4F7556}") = "Acme.CommonTests", "tests\Acme.CommonTests\Acme.CommonTests.csproj", "{8C09F1C5-A536-406B-A439-702743779D03}"
EndProject
Project("{FAE04EC0-301F-11D3-BF4B-00C04F79EFBC}") = "Acme.Win", "Acme.Win\Acme.Win.csproj", "{9095DD64-3D7E-4DAF-9A46-BED72EE2998C}"
EndProject
Project("{9A19103F-16F7-4668-BE54-9A1E7A4F7556}") = "Acme.Wpf", "Acme.Wpf\Acme.Wpf.csproj", "{3D464FBC-5924-4438-8626-C6DC437FC193}"
EndProject
Global
	GlobalSection(SolutionConfigurationPlatforms) = preSolution
		Debug|Any CPU = Debug|Any CPU
		Release|Any CPU = Release|Any CPU
	EndGlobalSection
	GlobalSection(ProjectConfigurationPlatforms) = postSolution
		{A833967A-C6C4-4B3D-AC56-58E38896E908}.Debug|Any CPU.ActiveCfg = Debug|Any CPU
		{A833967A-C6C4-4B3D-AC56-58E38896E908}.Debug|Any CPU.Build.0 = Debug|Any CPU
		{A833967A-C6C4-4B3D-AC56-58E38896E908}.Release|Any CPU.ActiveCfg = Release|Any CPU
		{A833967A-C6C4-4B3D-AC56-58E38896E908}.Release|Any CPU.Build.0 = Release|Any CPU
		{EEFD740D-6B73-4EC5-82DB-1FCB6FD0747F}.Debug|Any CPU.ActiveCfg = Debug|Any CPU
		{EEFD740D-6B73-4EC5-82DB-1FCB6FD0747F}.Debug|Any CPU.Build.0 = Debug|Any CPU
		{EEFD740D-6B73-4EC5-82DB-1FCB6FD0747F}.Release|Any CPU.ActiveCfg = Release|Any CPU
		{EEFD740D-6B73-4EC5-82DB-1FCB6FD0747F}.Release|Any CPU.Build.0 = Release|Any CPU
		{D87F1B23-3B9B-467F-B828-7FE8F12DB15B}.Debug|Any CPU.ActiveCfg = Debug|Any CPU
		{D87F1B23-3B9B-467F-B828-7FE8F12DB15B}.Debug|Any CPU.Build.0 = Debug|Any CPU
		{D87F1B23-3B9B-467F-B828-7FE8F12DB15B}.Release|Any CPU.ActiveCfg = Release|Any CPU
		{D87F1B23-3B9B-467F-B828-7FE8F12DB15B}.Release|Any CPU.Build.0 = Release|Any CPU
		{8C09F1C5-A536-406B-A439-702743779D03}.Debug|Any CPU.ActiveCfg = Debug|Any CPU
		{8C09F1C5-A536-406B-A439-702743779D03}.Debug|Any CPU.Build.0 = Debug|Any CPU
		{8C09F1C5-A536-406B-A439-702743779D03}.Release|Any CPU.ActiveCfg = Release|Any CPU
		{8C09F1C5-A536-406B-A439-702743779D03}.Release|Any CPU.Build.0 = Release|Any CPU
		{9095DD64-3D7E-4DAF-9A46-BED72EE2998C}.Debug|Any CPU.ActiveCfg = Debug|Any CPU
		{9095DD64-3D7E-4DAF-9A46-BED72EE2998C}.Debug|Any CPU.Build.0 = Debug|Any CPU
		{9095DD64-3D7E-4DAF-9A46-BED72EE2998C}.Release|Any CPU.ActiveCfg = Release|Any CPU
		{9095DD64-3D7E-4DAF-9A46-BED72EE2998C}.Release|Any CPU.Build.0 = Release|Any CPU
		{3D464FBC-5924-4438-8626-C6DC437FC193}.Debug|Any CPU.ActiveCfg = Debug|Any CPU
		{3D464FBC-5924-4438-8626-C6DC437FC193}.Debug|Any CPU.Build.0 = Debug|Any CPU
		{3D464FBC-5924-4438-8626-C6DC437FC193}.Release|Any CPU.ActiveCfg = Release|Any CPU
		{3D464FBC-5924-4438-8626-C6DC437FC193}.Release|Any CPU.Build.0 = Release|Any CPU
	EndGlobalSection
	GlobalSection(SolutionProperties) = preSolution
		HideSolutionNode = FALSE
	EndGlobalSection
	GlobalSection(NestedProjects) = preSolution
		{D87F1B23-3B9B-467F-B828-7FE8F12DB15B} = {C632A4F7-58A9-4FD4-9BEC-8E8611FB9817}
		{8C09F1C5-A536-406B-A439-702743779D03} = {C632A4F7-58A9-4FD4-9BEC-8E8611FB9817}
	EndGlobalSection
	GlobalSection(ExtensibilityGlobals) = postSolution
		SolutionGuid = {14CA8F41-22DC-4A8F-A59D-C719D12D9DBC}
	EndGlobalSection
EndGlobal
